
Microsoft Visual Studio Solution File, Format Version 12.00
# Visual Studio Version 17
VisualStudioVersion = 17.1.32319.34
MinimumVisualStudioVersion = 10.0.40219.1
Project("{FAE04EC0-301F-11D3-BF4B-00C04F79EFBC}") = "DevNullCardPack", "DevNullCardPack\DevNullCardPack.csproj", "{38A32E97-DBF1-4301-B6C7-1F9B8000EBDE}"
EndProject
Global
	GlobalSection(SolutionConfigurationPlatforms) = preSolution
		Debug|Any CPU = Debug|Any CPU
		Release|Any CPU = Release|Any CPU
	EndGlobalSection
	GlobalSection(ProjectConfigurationPlatforms) = postSolution
		{38A32E97-DBF1-4301-B6C7-1F9B8000EBDE}.Debug|Any CPU.ActiveCfg = Debug|Any CPU
		{38A32E97-DBF1-4301-B6C7-1F9B8000EBDE}.Debug|Any CPU.Build.0 = Debug|Any CPU
		{38A32E97-DBF1-4301-B6C7-1F9B8000EBDE}.Release|Any CPU.ActiveCfg = Release|Any CPU
		{38A32E97-DBF1-4301-B6C7-1F9B8000EBDE}.Release|Any CPU.Build.0 = Release|Any CPU
	EndGlobalSection
	GlobalSection(SolutionProperties) = preSolution
		HideSolutionNode = FALSE
	EndGlobalSection
	GlobalSection(ExtensibilityGlobals) = postSolution
		SolutionGuid = {DC3D02B1-8490-4490-B654-B781967AB648}
	EndGlobalSection
EndGlobal
